// !$*UTF8*$!
{
	archiveVersion = 1;
	classes = {
	};
	objectVersion = 48;
	objects = {

/* Begin PBXBuildFile section */
		19BA115F2466A7DCCC4FDF10 /* Pods_Login.framework in Frameworks */ = {isa = PBXBuildFile; fileRef = 360207DA880A50ACCB2FB975 /* Pods_Login.framework */; };
		F63CE9E52107AD5B0063C229 /* AppDelegate.swift in Sources */ = {isa = PBXBuildFile; fileRef = F63CE9E42107AD5B0063C229 /* AppDelegate.swift */; };
		F63CE9E72107AD5B0063C229 /* ViewController.swift in Sources */ = {isa = PBXBuildFile; fileRef = F63CE9E62107AD5B0063C229 /* ViewController.swift */; };
		F63CE9EA2107AD5B0063C229 /* Main.storyboard in Resources */ = {isa = PBXBuildFile; fileRef = F63CE9E82107AD5B0063C229 /* Main.storyboard */; };
		F63CE9EC2107AD5B0063C229 /* Assets.xcassets in Resources */ = {isa = PBXBuildFile; fileRef = F63CE9EB2107AD5B0063C229 /* Assets.xcassets */; };
		F63CE9EF2107AD5B0063C229 /* LaunchScreen.storyboard in Resources */ = {isa = PBXBuildFile; fileRef = F63CE9ED2107AD5B0063C229 /* LaunchScreen.storyboard */; };
		F63CE9FA2107B78C0063C229 /* LogInController.swift in Sources */ = {isa = PBXBuildFile; fileRef = F63CE9F92107B78C0063C229 /* LogInController.swift */; };
		F67A319F210AC70200AB3831 /* MessageController.swift in Sources */ = {isa = PBXBuildFile; fileRef = F67A319E210AC70200AB3831 /* MessageController.swift */; };
		F67A31A2210AD06900AB3831 /* User.swift in Sources */ = {isa = PBXBuildFile; fileRef = F67A31A1210AD06900AB3831 /* User.swift */; };
		F6E953F4210861C800AA77DD /* GoogleService-Info.plist in Resources */ = {isa = PBXBuildFile; fileRef = F6E953F3210861C800AA77DD /* GoogleService-Info.plist */; };
/* End PBXBuildFile section */

/* Begin PBXFileReference section */
		360207DA880A50ACCB2FB975 /* Pods_Login.framework */ = {isa = PBXFileReference; explicitFileType = wrapper.framework; includeInIndex = 0; path = Pods_Login.framework; sourceTree = BUILT_PRODUCTS_DIR; };
		4A724D456BF3077BEA933E51 /* Pods-Login.debug.xcconfig */ = {isa = PBXFileReference; includeInIndex = 1; lastKnownFileType = text.xcconfig; name = "Pods-Login.debug.xcconfig"; path = "Pods/Target Support Files/Pods-Login/Pods-Login.debug.xcconfig"; sourceTree = "<group>"; };
		7CBAC8D3B9ADDD7F36D5C98B /* Pods-Login.release.xcconfig */ = {isa = PBXFileReference; includeInIndex = 1; lastKnownFileType = text.xcconfig; name = "Pods-Login.release.xcconfig"; path = "Pods/Target Support Files/Pods-Login/Pods-Login.release.xcconfig"; sourceTree = "<group>"; };
		F63CE9E12107AD5B0063C229 /* Login.app */ = {isa = PBXFileReference; explicitFileType = wrapper.application; includeInIndex = 0; path = Login.app; sourceTree = BUILT_PRODUCTS_DIR; };
		F63CE9E42107AD5B0063C229 /* AppDelegate.swift */ = {isa = PBXFileReference; lastKnownFileType = sourcecode.swift; name = AppDelegate.swift; path = "/Users/kalana/Desktop/EStore Manager/Login/Login/AppDelegate.swift"; sourceTree = "<absolute>"; };
		F63CE9E62107AD5B0063C229 /* ViewController.swift */ = {isa = PBXFileReference; lastKnownFileType = sourcecode.swift; name = ViewController.swift; path = "/Users/kalana/Desktop/EStore Manager/Login/Login/Controllers/ViewController.swift"; sourceTree = "<absolute>"; };
		F63CE9E92107AD5B0063C229 /* Base */ = {isa = PBXFileReference; lastKnownFileType = file.storyboard; name = Base; path = Base.lproj/Main.storyboard; sourceTree = "<group>"; };
		F63CE9EB2107AD5B0063C229 /* Assets.xcassets */ = {isa = PBXFileReference; lastKnownFileType = folder.assetcatalog; path = Assets.xcassets; sourceTree = "<group>"; };
		F63CE9EE2107AD5B0063C229 /* Base */ = {isa = PBXFileReference; lastKnownFileType = file.storyboard; name = Base; path = Base.lproj/LaunchScreen.storyboard; sourceTree = "<group>"; };
		F63CE9F02107AD5B0063C229 /* Info.plist */ = {isa = PBXFileReference; lastKnownFileType = text.plist.xml; path = Info.plist; sourceTree = "<group>"; };
		F63CE9F92107B78C0063C229 /* LogInController.swift */ = {isa = PBXFileReference; lastKnownFileType = sourcecode.swift; path = LogInController.swift; sourceTree = "<group>"; };
		F67A319E210AC70200AB3831 /* MessageController.swift */ = {isa = PBXFileReference; lastKnownFileType = sourcecode.swift; path = MessageController.swift; sourceTree = "<group>"; };
		F67A31A1210AD06900AB3831 /* User.swift */ = {isa = PBXFileReference; lastKnownFileType = sourcecode.swift; path = User.swift; sourceTree = "<group>"; };
		F6E953F3210861C800AA77DD /* GoogleService-Info.plist */ = {isa = PBXFileReference; fileEncoding = 4; lastKnownFileType = text.plist.xml; name = "GoogleService-Info.plist"; path = "../../../../Downloads/GoogleService-Info.plist"; sourceTree = "<group>"; };
/* End PBXFileReference section */

/* Begin PBXFrameworksBuildPhase section */
		F63CE9DE2107AD5B0063C229 /* Frameworks */ = {
			isa = PBXFrameworksBuildPhase;
			buildActionMask = 2147483647;
			files = (
				19BA115F2466A7DCCC4FDF10 /* Pods_Login.framework in Frameworks */,
			);
			runOnlyForDeploymentPostprocessing = 0;
		};
/* End PBXFrameworksBuildPhase section */

/* Begin PBXGroup section */
		4966BCC41D8030E9EEC591A1 /* Pods */ = {
			isa = PBXGroup;
			children = (
				4A724D456BF3077BEA933E51 /* Pods-Login.debug.xcconfig */,
				7CBAC8D3B9ADDD7F36D5C98B /* Pods-Login.release.xcconfig */,
			);
			name = Pods;
			sourceTree = "<group>";
		};
		E2CD3061BA7F075A9C26677A /* Frameworks */ = {
			isa = PBXGroup;
			children = (
				360207DA880A50ACCB2FB975 /* Pods_Login.framework */,
			);
			name = Frameworks;
			sourceTree = "<group>";
		};
		F63CE9D82107AD5B0063C229 = {
			isa = PBXGroup;
			children = (
				F63CE9E32107AD5B0063C229 /* Login */,
				F63CE9E22107AD5B0063C229 /* Products */,
				4966BCC41D8030E9EEC591A1 /* Pods */,
				E2CD3061BA7F075A9C26677A /* Frameworks */,
			);
			sourceTree = "<group>";
		};
		F63CE9E22107AD5B0063C229 /* Products */ = {
			isa = PBXGroup;
			children = (
				F63CE9E12107AD5B0063C229 /* Login.app */,
			);
			name = Products;
			sourceTree = "<group>";
		};
		F63CE9E32107AD5B0063C229 /* Login */ = {
			isa = PBXGroup;
			children = (
				F67A31A0210AD04700AB3831 /* Model */,
				F63CE9F62107B3700063C229 /* Controllers */,
				F63CE9E42107AD5B0063C229 /* AppDelegate.swift */,
				F63CE9E82107AD5B0063C229 /* Main.storyboard */,
				F63CE9EB2107AD5B0063C229 /* Assets.xcassets */,
				F63CE9ED2107AD5B0063C229 /* LaunchScreen.storyboard */,
				F63CE9F02107AD5B0063C229 /* Info.plist */,
				F6E953F3210861C800AA77DD /* GoogleService-Info.plist */,
			);
			path = Login;
			sourceTree = "<group>";
		};
		F63CE9F62107B3700063C229 /* Controllers */ = {
			isa = PBXGroup;
			children = (
				F63CE9E62107AD5B0063C229 /* ViewController.swift */,
				F63CE9F92107B78C0063C229 /* LogInController.swift */,
				F67A319E210AC70200AB3831 /* MessageController.swift */,
			);
			path = Controllers;
			sourceTree = "<group>";
		};
		F67A31A0210AD04700AB3831 /* Model */ = {
			isa = PBXGroup;
			children = (
				F67A31A1210AD06900AB3831 /* User.swift */,
			);
			path = Model;
			sourceTree = "<group>";
		};
/* End PBXGroup section */

/* Begin PBXNativeTarget section */
		F63CE9E02107AD5B0063C229 /* Login */ = {
			isa = PBXNativeTarget;
			buildConfigurationList = F63CE9F32107AD5B0063C229 /* Build configuration list for PBXNativeTarget "Login" */;
			buildPhases = (
				12F40BE03818B06223C01F4B /* [CP] Check Pods Manifest.lock */,
				F63CE9DD2107AD5B0063C229 /* Sources */,
				F63CE9DE2107AD5B0063C229 /* Frameworks */,
				F63CE9DF2107AD5B0063C229 /* Resources */,
				D8E4BDBFA01F8DEA4A0E48CA /* [CP] Embed Pods Frameworks */,
			);
			buildRules = (
			);
			dependencies = (
			);
			name = Login;
			productName = Login;
			productReference = F63CE9E12107AD5B0063C229 /* Login.app */;
			productType = "com.apple.product-type.application";
		};
/* End PBXNativeTarget section */

/* Begin PBXProject section */
		F63CE9D92107AD5B0063C229 /* Project object */ = {
			isa = PBXProject;
			attributes = {
				LastSwiftUpdateCheck = 0900;
				LastUpgradeCheck = 0900;
				ORGANIZATIONNAME = "Kalana Dhananjaya ";
				TargetAttributes = {
					F63CE9E02107AD5B0063C229 = {
						CreatedOnToolsVersion = 9.0;
						ProvisioningStyle = Automatic;
					};
				};
			};
			buildConfigurationList = F63CE9DC2107AD5B0063C229 /* Build configuration list for PBXProject "Login" */;
			compatibilityVersion = "Xcode 8.0";
			developmentRegion = en;
			hasScannedForEncodings = 0;
			knownRegions = (
				en,
				Base,
			);
			mainGroup = F63CE9D82107AD5B0063C229;
			productRefGroup = F63CE9E22107AD5B0063C229 /* Products */;
			projectDirPath = "";
			projectRoot = "";
			targets = (
				F63CE9E02107AD5B0063C229 /* Login */,
			);
		};
/* End PBXProject section */

/* Begin PBXResourcesBuildPhase section */
		F63CE9DF2107AD5B0063C229 /* Resources */ = {
			isa = PBXResourcesBuildPhase;
			buildActionMask = 2147483647;
			files = (
				F63CE9EF2107AD5B0063C229 /* LaunchScreen.storyboard in Resources */,
				F6E953F4210861C800AA77DD /* GoogleService-Info.plist in Resources */,
				F63CE9EC2107AD5B0063C229 /* Assets.xcassets in Resources */,
				F63CE9EA2107AD5B0063C229 /* Main.storyboard in Resources */,
			);
			runOnlyForDeploymentPostprocessing = 0;
		};
/* End PBXResourcesBuildPhase section */

/* Begin PBXShellScriptBuildPhase section */
		12F40BE03818B06223C01F4B /* [CP] Check Pods Manifest.lock */ = {
			isa = PBXShellScriptBuildPhase;
			buildActionMask = 2147483647;
			files = (
			);
			inputPaths = (
				"${PODS_PODFILE_DIR_PATH}/Podfile.lock",
				"${PODS_ROOT}/Manifest.lock",
			);
			name = "[CP] Check Pods Manifest.lock";
			outputPaths = (
				"$(DERIVED_FILE_DIR)/Pods-Login-checkManifestLockResult.txt",
			);
			runOnlyForDeploymentPostprocessing = 0;
			shellPath = /bin/sh;
			shellScript = "diff \"${PODS_PODFILE_DIR_PATH}/Podfile.lock\" \"${PODS_ROOT}/Manifest.lock\" > /dev/null\nif [ $? != 0 ] ; then\n    # print error to STDERR\n    echo \"error: The sandbox is not in sync with the Podfile.lock. Run 'pod install' or update your CocoaPods installation.\" >&2\n    exit 1\nfi\n# This output is used by Xcode 'outputs' to avoid re-running this script phase.\necho \"SUCCESS\" > \"${SCRIPT_OUTPUT_FILE_0}\"\n";
			showEnvVarsInLog = 0;
		};
		D8E4BDBFA01F8DEA4A0E48CA /* [CP] Embed Pods Frameworks */ = {
			isa = PBXShellScriptBuildPhase;
			buildActionMask = 2147483647;
			files = (
			);
			inputPaths = (
				"${SRCROOT}/Pods/Target Support Files/Pods-Login/Pods-Login-frameworks.sh",
				"${BUILT_PRODUCTS_DIR}/GTMSessionFetcher/GTMSessionFetcher.framework",
				"${BUILT_PRODUCTS_DIR}/GoogleToolboxForMac/GoogleToolboxForMac.framework",
				"${BUILT_PRODUCTS_DIR}/leveldb-library/leveldb.framework",
				"${BUILT_PRODUCTS_DIR}/nanopb/nanopb.framework",
			);
			name = "[CP] Embed Pods Frameworks";
			outputPaths = (
				"${TARGET_BUILD_DIR}/${FRAMEWORKS_FOLDER_PATH}/GTMSessionFetcher.framework",
				"${TARGET_BUILD_DIR}/${FRAMEWORKS_FOLDER_PATH}/GoogleToolboxForMac.framework",
				"${TARGET_BUILD_DIR}/${FRAMEWORKS_FOLDER_PATH}/leveldb.framework",
				"${TARGET_BUILD_DIR}/${FRAMEWORKS_FOLDER_PATH}/nanopb.framework",
			);
			runOnlyForDeploymentPostprocessing = 0;
			shellPath = /bin/sh;
			shellScript = "\"${SRCROOT}/Pods/Target Support Files/Pods-Login/Pods-Login-frameworks.sh\"\n";
			showEnvVarsInLog = 0;
		};
/* End PBXShellScriptBuildPhase section */

/* Begin PBXSourcesBuildPhase section */
		F63CE9DD2107AD5B0063C229 /* Sources */ = {
			isa = PBXSourcesBuildPhase;
			buildActionMask = 2147483647;
			files = (
				F63CE9E72107AD5B0063C229 /* ViewController.swift in Sources */,
				F63CE9FA2107B78C0063C229 /* LogInController.swift in Sources */,
				F63CE9E52107AD5B0063C229 /* AppDelegate.swift in Sources */,
				F67A31A2210AD06900AB3831 /* User.swift in Sources */,
				F67A319F210AC70200AB3831 /* MessageController.swift in Sources */,
			);
			runOnlyForDeploymentPostprocessing = 0;
		};
/* End PBXSourcesBuildPhase section */

/* Begin PBXVariantGroup section */
		F63CE9E82107AD5B0063C229 /* Main.storyboard */ = {
			isa = PBXVariantGroup;
			children = (
				F63CE9E92107AD5B0063C229 /* Base */,
			);
			name = Main.storyboard;
			sourceTree = "<group>";
		};
		F63CE9ED2107AD5B0063C229 /* LaunchScreen.storyboard */ = {
			isa = PBXVariantGroup;
			children = (
				F63CE9EE2107AD5B0063C229 /* Base */,
			);
			name = LaunchScreen.storyboard;
			sourceTree = "<group>";
		};
/* End PBXVariantGroup section */

/* Begin XCBuildConfiguration section */
		F63CE9F12107AD5B0063C229 /* Debug */ = {
			isa = XCBuildConfiguration;
			buildSettings = {
				ALWAYS_SEARCH_USER_PATHS = NO;
				CLANG_ANALYZER_NONNULL = YES;
				CLANG_ANALYZER_NUMBER_OBJECT_CONVERSION = YES_AGGRESSIVE;
				CLANG_CXX_LANGUAGE_STANDARD = "gnu++14";
				CLANG_CXX_LIBRARY = "libc++";
				CLANG_ENABLE_MODULES = YES;
				CLANG_ENABLE_OBJC_ARC = YES;
				CLANG_WARN_BLOCK_CAPTURE_AUTORELEASING = YES;
				CLANG_WARN_BOOL_CONVERSION = YES;
				CLANG_WARN_COMMA = YES;
				CLANG_WARN_CONSTANT_CONVERSION = YES;
				CLANG_WARN_DIRECT_OBJC_ISA_USAGE = YES_ERROR;
				CLANG_WARN_DOCUMENTATION_COMMENTS = YES;
				CLANG_WARN_EMPTY_BODY = YES;
				CLANG_WARN_ENUM_CONVERSION = YES;
				CLANG_WARN_INFINITE_RECURSION = YES;
				CLANG_WARN_INT_CONVERSION = YES;
				CLANG_WARN_NON_LITERAL_NULL_CONVERSION = YES;
				CLANG_WARN_OBJC_LITERAL_CONVERSION = YES;
				CLANG_WARN_OBJC_ROOT_CLASS = YES_ERROR;
				CLANG_WARN_RANGE_LOOP_ANALYSIS = YES;
				CLANG_WARN_STRICT_PROTOTYPES = YES;
				CLANG_WARN_SUSPICIOUS_MOVE = YES;
				CLANG_WARN_UNGUARDED_AVAILABILITY = YES_AGGRESSIVE;
				CLANG_WARN_UNREACHABLE_CODE = YES;
				CLANG_WARN__DUPLICATE_METHOD_MATCH = YES;
				CODE_SIGN_IDENTITY = "iPhone Developer";
				COPY_PHASE_STRIP = NO;
				DEBUG_INFORMATION_FORMAT = dwarf;
				ENABLE_STRICT_OBJC_MSGSEND = YES;
				ENABLE_TESTABILITY = YES;
				GCC_C_LANGUAGE_STANDARD = gnu11;
				GCC_DYNAMIC_NO_PIC = NO;
				GCC_NO_COMMON_BLOCKS = YES;
				GCC_OPTIMIZATION_LEVEL = 0;
				GCC_PREPROCESSOR_DEFINITIONS = (
					"DEBUG=1",
					"$(inherited)",
				);
				GCC_WARN_64_TO_32_BIT_CONVERSION = YES;
				GCC_WARN_ABOUT_RETURN_TYPE = YES_ERROR;
				GCC_WARN_UNDECLARED_SELECTOR = YES;
				GCC_WARN_UNINITIALIZED_AUTOS = YES_AGGRESSIVE;
				GCC_WARN_UNUSED_FUNCTION = YES;
				GCC_WARN_UNUSED_VARIABLE = YES;
				IPHONEOS_DEPLOYMENT_TARGET = 11.0;
				MTL_ENABLE_DEBUG_INFO = YES;
				ONLY_ACTIVE_ARCH = YES;
				SDKROOT = iphoneos;
				SWIFT_ACTIVE_COMPILATION_CONDITIONS = DEBUG;
				SWIFT_OPTIMIZATION_LEVEL = "-Onone";
			};
			name = Debug;
		};
		F63CE9F22107AD5B0063C229 /* Release */ = {
			isa = XCBuildConfiguration;
			buildSettings = {
				ALWAYS_SEARCH_USER_PATHS = NO;
				CLANG_ANALYZER_NONNULL = YES;
				CLANG_ANALYZER_NUMBER_OBJECT_CONVERSION = YES_AGGRESSIVE;
				CLANG_CXX_LANGUAGE_STANDARD = "gnu++14";
				CLANG_CXX_LIBRARY = "libc++";
				CLANG_ENABLE_MODULES = YES;
				CLANG_ENABLE_OBJC_ARC = YES;
				CLANG_WARN_BLOCK_CAPTURE_AUTORELEASING = YES;
				CLANG_WARN_BOOL_CONVERSION = YES;
				CLANG_WARN_COMMA = YES;
				CLANG_WARN_CONSTANT_CONVERSION = YES;
				CLANG_WARN_DIRECT_OBJC_ISA_USAGE = YES_ERROR;
				CLANG_WARN_DOCUMENTATION_COMMENTS = YES;
				CLANG_WARN_EMPTY_BODY = YES;
				CLANG_WARN_ENUM_CONVERSION = YES;
				CLANG_WARN_INFINITE_RECURSION = YES;
				CLANG_WARN_INT_CONVERSION = YES;
				CLANG_WARN_NON_LITERAL_NULL_CONVERSION = YES;
				CLANG_WARN_OBJC_LITERAL_CONVERSION = YES;
				CLANG_WARN_OBJC_ROOT_CLASS = YES_ERROR;
				CLANG_WARN_RANGE_LOOP_ANALYSIS = YES;
				CLANG_WARN_STRICT_PROTOTYPES = YES;
				CLANG_WARN_SUSPICIOUS_MOVE = YES;
				CLANG_WARN_UNGUARDED_AVAILABILITY = YES_AGGRESSIVE;
				CLANG_WARN_UNREACHABLE_CODE = YES;
				CLANG_WARN__DUPLICATE_METHOD_MATCH = YES;
				CODE_SIGN_IDENTITY = "iPhone Developer";
				COPY_PHASE_STRIP = NO;
				DEBUG_INFORMATION_FORMAT = "dwarf-with-dsym";
				ENABLE_NS_ASSERTIONS = NO;
				ENABLE_STRICT_OBJC_MSGSEND = YES;
				GCC_C_LANGUAGE_STANDARD = gnu11;
				GCC_NO_COMMON_BLOCKS = YES;
				GCC_WARN_64_TO_32_BIT_CONVERSION = YES;
				GCC_WARN_ABOUT_RETURN_TYPE = YES_ERROR;
				GCC_WARN_UNDECLARED_SELECTOR = YES;
				GCC_WARN_UNINITIALIZED_AUTOS = YES_AGGRESSIVE;
				GCC_WARN_UNUSED_FUNCTION = YES;
				GCC_WARN_UNUSED_VARIABLE = YES;
				IPHONEOS_DEPLOYMENT_TARGET = 11.0;
				MTL_ENABLE_DEBUG_INFO = NO;
				SDKROOT = iphoneos;
				SWIFT_OPTIMIZATION_LEVEL = "-Owholemodule";
				VALIDATE_PRODUCT = YES;
			};
			name = Release;
		};
		F63CE9F42107AD5B0063C229 /* Debug */ = {
			isa = XCBuildConfiguration;
			baseConfigurationReference = 4A724D456BF3077BEA933E51 /* Pods-Login.debug.xcconfig */;
			buildSettings = {
				ASSETCATALOG_COMPILER_APPICON_NAME = AppIcon;
				CODE_SIGN_STYLE = Automatic;
				DEVELOPMENT_TEAM = LC2HYZC5YV;
				INFOPLIST_FILE = Login/Info.plist;
				LD_RUNPATH_SEARCH_PATHS = "$(inherited) @executable_path/Frameworks";
				PRODUCT_BUNDLE_IDENTIFIER = com.incore.Login;
				PRODUCT_NAME = "$(TARGET_NAME)";
				SWIFT_VERSION = 4.0;
				TARGETED_DEVICE_FAMILY = "1,2";
			};
			name = Debug;
		};
		F63CE9F52107AD5B0063C229 /* Release */ = {
			isa = XCBuildConfiguration;
			baseConfigurationReference = 7CBAC8D3B9ADDD7F36D5C98B /* Pods-Login.release.xcconfig */;
			buildSettings = {
				ASSETCATALOG_COMPILER_APPICON_NAME = AppIcon;
				CODE_SIGN_STYLE = Automatic;
				DEVELOPMENT_TEAM = LC2HYZC5YV;
				INFOPLIST_FILE = Login/Info.plist;
				LD_RUNPATH_SEARCH_PATHS = "$(inherited) @executable_path/Frameworks";
				PRODUCT_BUNDLE_IDENTIFIER = com.incore.Login;
				PRODUCT_NAME = "$(TARGET_NAME)";
				SWIFT_VERSION = 4.0;
				TARGETED_DEVICE_FAMILY = "1,2";
			};
			name = Release;
		};
/* End XCBuildConfiguration section */

/* Begin XCConfigurationList section */
		F63CE9DC2107AD5B0063C229 /* Build configuration list for PBXProject "Login" */ = {
			isa = XCConfigurationList;
			buildConfigurations = (
				F63CE9F12107AD5B0063C229 /* Debug */,
				F63CE9F22107AD5B0063C229 /* Release */,
			);
			defaultConfigurationIsVisible = 0;
			defaultConfigurationName = Release;
		};
		F63CE9F32107AD5B0063C229 /* Build configuration list for PBXNativeTarget "Login" */ = {
			isa = XCConfigurationList;
			buildConfigurations = (
				F63CE9F42107AD5B0063C229 /* Debug */,
				F63CE9F52107AD5B0063C229 /* Release */,
			);
			defaultConfigurationIsVisible = 0;
			defaultConfigurationName = Release;
		};
/* End XCConfigurationList section */
	};
	rootObject = F63CE9D92107AD5B0063C229 /* Project object */;
}
